
Microsoft Visual Studio Solution File, Format Version 12.00
# Visual Studio Version 17
VisualStudioVersion = 17.12.35506.116
MinimumVisualStudioVersion = 10.0.40219.1
Project("{8BC9CEB8-8B4A-11D0-8D11-00A0C91BC942}") = "AlgebGOAP", "AlgebGOAP\AlgebGOAP.vcxproj", "{A41C7AD7-BD02-42CA-ADDF-B7D07B57BA4C}"
EndProject
Project("{8BC9CEB8-8B4A-11D0-8D11-00A0C91BC942}") = "HealExample", "HealExample\HealExample.vcxproj", "{54D0B1D2-687B-45C8-97E7-9121A880C651}"
	ProjectSection(ProjectDependencies) = postProject
		{8165D127-6B73-4BAB-802C-CB8BEFDEF735} = {8165D127-6B73-4BAB-802C-CB8BEFDEF735}
		{A41C7AD7-BD02-42CA-ADDF-B7D07B57BA4C} = {A41C7AD7-BD02-42CA-ADDF-B7D07B57BA4C}
	EndProjectSection
EndProject
Project("{8BC9CEB8-8B4A-11D0-8D11-00A0C91BC942}") = "ExampleUtility", "ExampleUtility\ExampleUtility.vcxproj", "{8165D127-6B73-4BAB-802C-CB8BEFDEF735}"
	ProjectSection(ProjectDependencies) = postProject
		{A41C7AD7-BD02-42CA-ADDF-B7D07B57BA4C} = {A41C7AD7-BD02-42CA-ADDF-B7D07B57BA4C}
	EndProjectSection
EndProject
Project("{8BC9CEB8-8B4A-11D0-8D11-00A0C91BC942}") = "LaserExample", "LaserExample\LaserExample.vcxproj", "{4B7B1579-71D8-496D-82C0-4ED0C65D991C}"
	ProjectSection(ProjectDependencies) = postProject
		{8165D127-6B73-4BAB-802C-CB8BEFDEF735} = {8165D127-6B73-4BAB-802C-CB8BEFDEF735}
		{A41C7AD7-BD02-42CA-ADDF-B7D07B57BA4C} = {A41C7AD7-BD02-42CA-ADDF-B7D07B57BA4C}
	EndProjectSection
EndProject
Project("{8BC9CEB8-8B4A-11D0-8D11-00A0C91BC942}") = "ArithmeticExample", "ArithmeticExample\ArithmeticExample.vcxproj", "{DDC1F9AD-C29A-4B73-AF80-64F2B8B67E8D}"
	ProjectSection(ProjectDependencies) = postProject
		{8165D127-6B73-4BAB-802C-CB8BEFDEF735} = {8165D127-6B73-4BAB-802C-CB8BEFDEF735}
		{A41C7AD7-BD02-42CA-ADDF-B7D07B57BA4C} = {A41C7AD7-BD02-42CA-ADDF-B7D07B57BA4C}
	EndProjectSection
EndProject
Project("{8BC9CEB8-8B4A-11D0-8D11-00A0C91BC942}") = "BooleanOperationExample", "BooleanOperationExample\BooleanOperationExample.vcxproj", "{4AE90EE8-A73F-474B-A714-193FFC76808F}"
	ProjectSection(ProjectDependencies) = postProject
		{8165D127-6B73-4BAB-802C-CB8BEFDEF735} = {8165D127-6B73-4BAB-802C-CB8BEFDEF735}
		{A41C7AD7-BD02-42CA-ADDF-B7D07B57BA4C} = {A41C7AD7-BD02-42CA-ADDF-B7D07B57BA4C}
	EndProjectSection
EndProject
Project("{8BC9CEB8-8B4A-11D0-8D11-00A0C91BC942}") = "CustomStateExample", "CustomStateExample\CustomStateExample.vcxproj", "{5297E034-EE93-4230-B516-9E0D02565CD1}"
	ProjectSection(ProjectDependencies) = postProject
		{8165D127-6B73-4BAB-802C-CB8BEFDEF735} = {8165D127-6B73-4BAB-802C-CB8BEFDEF735}
		{A41C7AD7-BD02-42CA-ADDF-B7D07B57BA4C} = {A41C7AD7-BD02-42CA-ADDF-B7D07B57BA4C}
	EndProjectSection
EndProject
Project("{8BC9CEB8-8B4A-11D0-8D11-00A0C91BC942}") = "AdmissibleHeuristicExample", "AdmissibleHeuristicExample\AdmissibleHeuristicExample.vcxproj", "{A63C1B82-1CB8-4262-898A-3049BF1A168B}"
	ProjectSection(ProjectDependencies) = postProject
		{8165D127-6B73-4BAB-802C-CB8BEFDEF735} = {8165D127-6B73-4BAB-802C-CB8BEFDEF735}
		{A41C7AD7-BD02-42CA-ADDF-B7D07B57BA4C} = {A41C7AD7-BD02-42CA-ADDF-B7D07B57BA4C}
	EndProjectSection
EndProject
Project("{8BC9CEB8-8B4A-11D0-8D11-00A0C91BC942}") = "LogicalOperationExample", "LogicalOperationExample\LogicalOperationExample.vcxproj", "{1E191C1F-9D1F-436B-B75A-2A1572556A13}"
	ProjectSection(ProjectDependencies) = postProject
		{8165D127-6B73-4BAB-802C-CB8BEFDEF735} = {8165D127-6B73-4BAB-802C-CB8BEFDEF735}
		{A41C7AD7-BD02-42CA-ADDF-B7D07B57BA4C} = {A41C7AD7-BD02-42CA-ADDF-B7D07B57BA4C}
	EndProjectSection
EndProject
Project("{8BC9CEB8-8B4A-11D0-8D11-00A0C91BC942}") = "InconsistentInequalitiesExample", "InconsistentInequalitiesExample\InconsistentInequalitiesExample.vcxproj", "{C68AB210-5796-4810-A822-8A79CC8A0DB4}"
	ProjectSection(ProjectDependencies) = postProject
		{8165D127-6B73-4BAB-802C-CB8BEFDEF735} = {8165D127-6B73-4BAB-802C-CB8BEFDEF735}
		{A41C7AD7-BD02-42CA-ADDF-B7D07B57BA4C} = {A41C7AD7-BD02-42CA-ADDF-B7D07B57BA4C}
	EndProjectSection
EndProject
Project("{8BC9CEB8-8B4A-11D0-8D11-00A0C91BC942}") = "OffsetGapExample", "OffsetGapExample\OffsetGapExample.vcxproj", "{8BED6301-B9AD-4A3A-A014-521A8BFF5D27}"
	ProjectSection(ProjectDependencies) = postProject
		{8165D127-6B73-4BAB-802C-CB8BEFDEF735} = {8165D127-6B73-4BAB-802C-CB8BEFDEF735}
		{A41C7AD7-BD02-42CA-ADDF-B7D07B57BA4C} = {A41C7AD7-BD02-42CA-ADDF-B7D07B57BA4C}
	EndProjectSection
EndProject
Project("{8BC9CEB8-8B4A-11D0-8D11-00A0C91BC942}") = "WeaponExample", "WeaponExample\WeaponExample.vcxproj", "{BB06B4EF-D560-4ECF-ACCE-26E57238E2EB}"
	ProjectSection(ProjectDependencies) = postProject
		{8165D127-6B73-4BAB-802C-CB8BEFDEF735} = {8165D127-6B73-4BAB-802C-CB8BEFDEF735}
		{A41C7AD7-BD02-42CA-ADDF-B7D07B57BA4C} = {A41C7AD7-BD02-42CA-ADDF-B7D07B57BA4C}
	EndProjectSection
EndProject
Global
	GlobalSection(SolutionConfigurationPlatforms) = preSolution
		Debug|x64 = Debug|x64
		Debug|x86 = Debug|x86
		Release|x64 = Release|x64
		Release|x86 = Release|x86
	EndGlobalSection
	GlobalSection(ProjectConfigurationPlatforms) = postSolution
		{A41C7AD7-BD02-42CA-ADDF-B7D07B57BA4C}.Debug|x64.ActiveCfg = Debug|x64
		{A41C7AD7-BD02-42CA-ADDF-B7D07B57BA4C}.Debug|x64.Build.0 = Debug|x64
		{A41C7AD7-BD02-42CA-ADDF-B7D07B57BA4C}.Debug|x86.ActiveCfg = Debug|Win32
		{A41C7AD7-BD02-42CA-ADDF-B7D07B57BA4C}.Debug|x86.Build.0 = Debug|Win32
		{A41C7AD7-BD02-42CA-ADDF-B7D07B57BA4C}.Release|x64.ActiveCfg = Release|x64
		{A41C7AD7-BD02-42CA-ADDF-B7D07B57BA4C}.Release|x64.Build.0 = Release|x64
		{A41C7AD7-BD02-42CA-ADDF-B7D07B57BA4C}.Release|x86.ActiveCfg = Release|Win32
		{A41C7AD7-BD02-42CA-ADDF-B7D07B57BA4C}.Release|x86.Build.0 = Release|Win32
		{54D0B1D2-687B-45C8-97E7-9121A880C651}.Debug|x64.ActiveCfg = Debug|x64
		{54D0B1D2-687B-45C8-97E7-9121A880C651}.Debug|x64.Build.0 = Debug|x64
		{54D0B1D2-687B-45C8-97E7-9121A880C651}.Debug|x86.ActiveCfg = Debug|Win32
		{54D0B1D2-687B-45C8-97E7-9121A880C651}.Debug|x86.Build.0 = Debug|Win32
		{54D0B1D2-687B-45C8-97E7-9121A880C651}.Release|x64.ActiveCfg = Release|x64
		{54D0B1D2-687B-45C8-97E7-9121A880C651}.Release|x64.Build.0 = Release|x64
		{54D0B1D2-687B-45C8-97E7-9121A880C651}.Release|x86.ActiveCfg = Release|Win32
		{54D0B1D2-687B-45C8-97E7-9121A880C651}.Release|x86.Build.0 = Release|Win32
		{8165D127-6B73-4BAB-802C-CB8BEFDEF735}.Debug|x64.ActiveCfg = Debug|x64
		{8165D127-6B73-4BAB-802C-CB8BEFDEF735}.Debug|x64.Build.0 = Debug|x64
		{8165D127-6B73-4BAB-802C-CB8BEFDEF735}.Debug|x86.ActiveCfg = Debug|Win32
		{8165D127-6B73-4BAB-802C-CB8BEFDEF735}.Debug|x86.Build.0 = Debug|Win32
		{8165D127-6B73-4BAB-802C-CB8BEFDEF735}.Release|x64.ActiveCfg = Release|x64
		{8165D127-6B73-4BAB-802C-CB8BEFDEF735}.Release|x64.Build.0 = Release|x64
		{8165D127-6B73-4BAB-802C-CB8BEFDEF735}.Release|x86.ActiveCfg = Release|Win32
		{8165D127-6B73-4BAB-802C-CB8BEFDEF735}.Release|x86.Build.0 = Release|Win32
		{4B7B1579-71D8-496D-82C0-4ED0C65D991C}.Debug|x64.ActiveCfg = Debug|x64
		{4B7B1579-71D8-496D-82C0-4ED0C65D991C}.Debug|x64.Build.0 = Debug|x64
		{4B7B1579-71D8-496D-82C0-4ED0C65D991C}.Debug|x86.ActiveCfg = Debug|Win32
		{4B7B1579-71D8-496D-82C0-4ED0C65D991C}.Debug|x86.Build.0 = Debug|Win32
		{4B7B1579-71D8-496D-82C0-4ED0C65D991C}.Release|x64.ActiveCfg = Release|x64
		{4B7B1579-71D8-496D-82C0-4ED0C65D991C}.Release|x64.Build.0 = Release|x64
		{4B7B1579-71D8-496D-82C0-4ED0C65D991C}.Release|x86.ActiveCfg = Release|Win32
		{4B7B1579-71D8-496D-82C0-4ED0C65D991C}.Release|x86.Build.0 = Release|Win32
		{DDC1F9AD-C29A-4B73-AF80-64F2B8B67E8D}.Debug|x64.ActiveCfg = Debug|x64
		{DDC1F9AD-C29A-4B73-AF80-64F2B8B67E8D}.Debug|x64.Build.0 = Debug|x64
		{DDC1F9AD-C29A-4B73-AF80-64F2B8B67E8D}.Debug|x86.ActiveCfg = Debug|Win32
		{DDC1F9AD-C29A-4B73-AF80-64F2B8B67E8D}.Debug|x86.Build.0 = Debug|Win32
		{DDC1F9AD-C29A-4B73-AF80-64F2B8B67E8D}.Release|x64.ActiveCfg = Release|x64
		{DDC1F9AD-C29A-4B73-AF80-64F2B8B67E8D}.Release|x64.Build.0 = Release|x64
		{DDC1F9AD-C29A-4B73-AF80-64F2B8B67E8D}.Release|x86.ActiveCfg = Release|Win32
		{DDC1F9AD-C29A-4B73-AF80-64F2B8B67E8D}.Release|x86.Build.0 = Release|Win32
		{4AE90EE8-A73F-474B-A714-193FFC76808F}.Debug|x64.ActiveCfg = Debug|x64
		{4AE90EE8-A73F-474B-A714-193FFC76808F}.Debug|x64.Build.0 = Debug|x64
		{4AE90EE8-A73F-474B-A714-193FFC76808F}.Debug|x86.ActiveCfg = Debug|Win32
		{4AE90EE8-A73F-474B-A714-193FFC76808F}.Debug|x86.Build.0 = Debug|Win32
		{4AE90EE8-A73F-474B-A714-193FFC76808F}.Release|x64.ActiveCfg = Release|x64
		{4AE90EE8-A73F-474B-A714-193FFC76808F}.Release|x64.Build.0 = Release|x64
		{4AE90EE8-A73F-474B-A714-193FFC76808F}.Release|x86.ActiveCfg = Release|Win32
		{4AE90EE8-A73F-474B-A714-193FFC76808F}.Release|x86.Build.0 = Release|Win32
		{5297E034-EE93-4230-B516-9E0D02565CD1}.Debug|x64.ActiveCfg = Debug|x64
		{5297E034-EE93-4230-B516-9E0D02565CD1}.Debug|x64.Build.0 = Debug|x64
		{5297E034-EE93-4230-B516-9E0D02565CD1}.Debug|x86.ActiveCfg = Debug|Win32
		{5297E034-EE93-4230-B516-9E0D02565CD1}.Debug|x86.Build.0 = Debug|Win32
		{5297E034-EE93-4230-B516-9E0D02565CD1}.Release|x64.ActiveCfg = Release|x64
		{5297E034-EE93-4230-B516-9E0D02565CD1}.Release|x64.Build.0 = Release|x64
		{5297E034-EE93-4230-B516-9E0D02565CD1}.Release|x86.ActiveCfg = Release|Win32
		{5297E034-EE93-4230-B516-9E0D02565CD1}.Release|x86.Build.0 = Release|Win32
		{A63C1B82-1CB8-4262-898A-3049BF1A168B}.Debug|x64.ActiveCfg = Debug|x64
		{A63C1B82-1CB8-4262-898A-3049BF1A168B}.Debug|x64.Build.0 = Debug|x64
		{A63C1B82-1CB8-4262-898A-3049BF1A168B}.Debug|x86.ActiveCfg = Debug|Win32
		{A63C1B82-1CB8-4262-898A-3049BF1A168B}.Debug|x86.Build.0 = Debug|Win32
		{A63C1B82-1CB8-4262-898A-3049BF1A168B}.Release|x64.ActiveCfg = Release|x64
		{A63C1B82-1CB8-4262-898A-3049BF1A168B}.Release|x64.Build.0 = Release|x64
		{A63C1B82-1CB8-4262-898A-3049BF1A168B}.Release|x86.ActiveCfg = Release|Win32
		{A63C1B82-1CB8-4262-898A-3049BF1A168B}.Release|x86.Build.0 = Release|Win32
		{1E191C1F-9D1F-436B-B75A-2A1572556A13}.Debug|x64.ActiveCfg = Debug|x64
		{1E191C1F-9D1F-436B-B75A-2A1572556A13}.Debug|x64.Build.0 = Debug|x64
		{1E191C1F-9D1F-436B-B75A-2A1572556A13}.Debug|x86.ActiveCfg = Debug|Win32
		{1E191C1F-9D1F-436B-B75A-2A1572556A13}.Debug|x86.Build.0 = Debug|Win32
		{1E191C1F-9D1F-436B-B75A-2A1572556A13}.Release|x64.ActiveCfg = Release|x64
		{1E191C1F-9D1F-436B-B75A-2A1572556A13}.Release|x64.Build.0 = Release|x64
		{1E191C1F-9D1F-436B-B75A-2A1572556A13}.Release|x86.ActiveCfg = Release|Win32
		{1E191C1F-9D1F-436B-B75A-2A1572556A13}.Release|x86.Build.0 = Release|Win32
		{C68AB210-5796-4810-A822-8A79CC8A0DB4}.Debug|x64.ActiveCfg = Debug|x64
		{C68AB210-5796-4810-A822-8A79CC8A0DB4}.Debug|x64.Build.0 = Debug|x64
		{C68AB210-5796-4810-A822-8A79CC8A0DB4}.Debug|x86.ActiveCfg = Debug|Win32
		{C68AB210-5796-4810-A822-8A79CC8A0DB4}.Debug|x86.Build.0 = Debug|Win32
		{C68AB210-5796-4810-A822-8A79CC8A0DB4}.Release|x64.ActiveCfg = Release|x64
		{C68AB210-5796-4810-A822-8A79CC8A0DB4}.Release|x64.Build.0 = Release|x64
		{C68AB210-5796-4810-A822-8A79CC8A0DB4}.Release|x86.ActiveCfg = Release|Win32
		{C68AB210-5796-4810-A822-8A79CC8A0DB4}.Release|x86.Build.0 = Release|Win32
		{8BED6301-B9AD-4A3A-A014-521A8BFF5D27}.Debug|x64.ActiveCfg = Debug|x64
		{8BED6301-B9AD-4A3A-A014-521A8BFF5D27}.Debug|x64.Build.0 = Debug|x64
		{8BED6301-B9AD-4A3A-A014-521A8BFF5D27}.Debug|x86.ActiveCfg = Debug|Win32
		{8BED6301-B9AD-4A3A-A014-521A8BFF5D27}.Debug|x86.Build.0 = Debug|Win32
		{8BED6301-B9AD-4A3A-A014-521A8BFF5D27}.Release|x64.ActiveCfg = Release|x64
		{8BED6301-B9AD-4A3A-A014-521A8BFF5D27}.Release|x64.Build.0 = Release|x64
		{8BED6301-B9AD-4A3A-A014-521A8BFF5D27}.Release|x86.ActiveCfg = Release|Win32
		{8BED6301-B9AD-4A3A-A014-521A8BFF5D27}.Release|x86.Build.0 = Release|Win32
		{BB06B4EF-D560-4ECF-ACCE-26E57238E2EB}.Debug|x64.ActiveCfg = Debug|x64
		{BB06B4EF-D560-4ECF-ACCE-26E57238E2EB}.Debug|x64.Build.0 = Debug|x64
		{BB06B4EF-D560-4ECF-ACCE-26E57238E2EB}.Debug|x86.ActiveCfg = Debug|Win32
		{BB06B4EF-D560-4ECF-ACCE-26E57238E2EB}.Debug|x86.Build.0 = Debug|Win32
		{BB06B4EF-D560-4ECF-ACCE-26E57238E2EB}.Release|x64.ActiveCfg = Release|x64
		{BB06B4EF-D560-4ECF-ACCE-26E57238E2EB}.Release|x64.Build.0 = Release|x64
		{BB06B4EF-D560-4ECF-ACCE-26E57238E2EB}.Release|x86.ActiveCfg = Release|Win32
		{BB06B4EF-D560-4ECF-ACCE-26E57238E2EB}.Release|x86.Build.0 = Release|Win32
	EndGlobalSection
	GlobalSection(SolutionProperties) = preSolution
		HideSolutionNode = FALSE
	EndGlobalSection
	GlobalSection(ExtensibilityGlobals) = postSolution
		SolutionGuid = {62801659-8457-4FFE-BB28-78634ECBD35C}
	EndGlobalSection
EndGlobal
