
Microsoft Visual Studio Solution File, Format Version 12.00
# Visual Studio Version 17
VisualStudioVersion = 17.7.34031.279
MinimumVisualStudioVersion = 10.0.40219.1
Project("{8BC9CEB8-8B4A-11D0-8D11-00A0C91BC942}") = "ArithGOAP", "ArithGOAP\ArithGOAP.vcxproj", "{DBC44A3D-144E-4759-88BF-65FC0F14C403}"
EndProject
Project("{8BC9CEB8-8B4A-11D0-8D11-00A0C91BC942}") = "LaserExample", "LaserExample\LaserExample.vcxproj", "{4B7B1579-71D8-496D-82C0-4ED0C65D991C}"
	ProjectSection(ProjectDependencies) = postProject
		{DBC44A3D-144E-4759-88BF-65FC0F14C403} = {DBC44A3D-144E-4759-88BF-65FC0F14C403}
		{F271EB8B-B64D-4447-90CF-E5C8DFF17A6A} = {F271EB8B-B64D-4447-90CF-E5C8DFF17A6A}
	EndProjectSection
EndProject
Project("{8BC9CEB8-8B4A-11D0-8D11-00A0C91BC942}") = "RangeExample", "RangeExample\RangeExample.vcxproj", "{EFA38C2A-C5F5-4222-9ECE-0B8D7DF83169}"
	ProjectSection(ProjectDependencies) = postProject
		{DBC44A3D-144E-4759-88BF-65FC0F14C403} = {DBC44A3D-144E-4759-88BF-65FC0F14C403}
		{F271EB8B-B64D-4447-90CF-E5C8DFF17A6A} = {F271EB8B-B64D-4447-90CF-E5C8DFF17A6A}
	EndProjectSection
EndProject
Project("{8BC9CEB8-8B4A-11D0-8D11-00A0C91BC942}") = "ExampleUtility", "ExampleUtility\ExampleUtility.vcxproj", "{F271EB8B-B64D-4447-90CF-E5C8DFF17A6A}"
	ProjectSection(ProjectDependencies) = postProject
		{DBC44A3D-144E-4759-88BF-65FC0F14C403} = {DBC44A3D-144E-4759-88BF-65FC0F14C403}
	EndProjectSection
EndProject
Project("{8BC9CEB8-8B4A-11D0-8D11-00A0C91BC942}") = "CustomStateExample", "CustomStateExample\CustomStateExample.vcxproj", "{5297E034-EE93-4230-B516-9E0D02565CD1}"
	ProjectSection(ProjectDependencies) = postProject
		{DBC44A3D-144E-4759-88BF-65FC0F14C403} = {DBC44A3D-144E-4759-88BF-65FC0F14C403}
		{F271EB8B-B64D-4447-90CF-E5C8DFF17A6A} = {F271EB8B-B64D-4447-90CF-E5C8DFF17A6A}
	EndProjectSection
EndProject
Project("{8BC9CEB8-8B4A-11D0-8D11-00A0C91BC942}") = "ArithmeticExample", "ArithmeticExample\ArithmeticExample.vcxproj", "{51C0A60C-13BC-4DF7-9981-CDD6A8FA670E}"
	ProjectSection(ProjectDependencies) = postProject
		{DBC44A3D-144E-4759-88BF-65FC0F14C403} = {DBC44A3D-144E-4759-88BF-65FC0F14C403}
		{F271EB8B-B64D-4447-90CF-E5C8DFF17A6A} = {F271EB8B-B64D-4447-90CF-E5C8DFF17A6A}
	EndProjectSection
EndProject
Project("{8BC9CEB8-8B4A-11D0-8D11-00A0C91BC942}") = "UnfeasibleEffectDirectionExample", "UnfeasibleEffectDirectionExample\UnfeasibleEffectDirectionExample.vcxproj", "{F39C6386-F238-41BD-9768-50149521D18A}"
	ProjectSection(ProjectDependencies) = postProject
		{DBC44A3D-144E-4759-88BF-65FC0F14C403} = {DBC44A3D-144E-4759-88BF-65FC0F14C403}
		{F271EB8B-B64D-4447-90CF-E5C8DFF17A6A} = {F271EB8B-B64D-4447-90CF-E5C8DFF17A6A}
	EndProjectSection
EndProject
Project("{8BC9CEB8-8B4A-11D0-8D11-00A0C91BC942}") = "UnfeasibleDesiredFactExample", "UnfeasibleDesiredFactExample\UnfeasibleDesiredFactExample.vcxproj", "{19CA1A39-4268-4FD7-9D3C-26D2F62D5CBE}"
	ProjectSection(ProjectDependencies) = postProject
		{DBC44A3D-144E-4759-88BF-65FC0F14C403} = {DBC44A3D-144E-4759-88BF-65FC0F14C403}
		{F271EB8B-B64D-4447-90CF-E5C8DFF17A6A} = {F271EB8B-B64D-4447-90CF-E5C8DFF17A6A}
	EndProjectSection
EndProject
Project("{8BC9CEB8-8B4A-11D0-8D11-00A0C91BC942}") = "HouseExample", "HouseExample\HouseExample.vcxproj", "{8EB0D748-52FB-40AB-BA10-61A3EF665BB1}"
	ProjectSection(ProjectDependencies) = postProject
		{DBC44A3D-144E-4759-88BF-65FC0F14C403} = {DBC44A3D-144E-4759-88BF-65FC0F14C403}
		{F271EB8B-B64D-4447-90CF-E5C8DFF17A6A} = {F271EB8B-B64D-4447-90CF-E5C8DFF17A6A}
	EndProjectSection
EndProject
Project("{8BC9CEB8-8B4A-11D0-8D11-00A0C91BC942}") = "DivisionExample", "DivisionExample\DivisionExample.vcxproj", "{0951EE43-E1D7-4B0E-B4F6-ADCF369ABF97}"
	ProjectSection(ProjectDependencies) = postProject
		{DBC44A3D-144E-4759-88BF-65FC0F14C403} = {DBC44A3D-144E-4759-88BF-65FC0F14C403}
		{F271EB8B-B64D-4447-90CF-E5C8DFF17A6A} = {F271EB8B-B64D-4447-90CF-E5C8DFF17A6A}
	EndProjectSection
EndProject
Project("{8BC9CEB8-8B4A-11D0-8D11-00A0C91BC942}") = "MultiplicationExample", "MultiplicationExample\MultiplicationExample.vcxproj", "{6C1A0112-6705-46E3-AEC2-DAE7486DC25C}"
	ProjectSection(ProjectDependencies) = postProject
		{DBC44A3D-144E-4759-88BF-65FC0F14C403} = {DBC44A3D-144E-4759-88BF-65FC0F14C403}
		{F271EB8B-B64D-4447-90CF-E5C8DFF17A6A} = {F271EB8B-B64D-4447-90CF-E5C8DFF17A6A}
	EndProjectSection
EndProject
Project("{8BC9CEB8-8B4A-11D0-8D11-00A0C91BC942}") = "IneffectivenessExample", "IneffectivenessExample\IneffectivenessExample.vcxproj", "{970D4386-3D3D-4E1B-970C-EFD16B888EB4}"
	ProjectSection(ProjectDependencies) = postProject
		{DBC44A3D-144E-4759-88BF-65FC0F14C403} = {DBC44A3D-144E-4759-88BF-65FC0F14C403}
		{F271EB8B-B64D-4447-90CF-E5C8DFF17A6A} = {F271EB8B-B64D-4447-90CF-E5C8DFF17A6A}
	EndProjectSection
EndProject
Global
	GlobalSection(SolutionConfigurationPlatforms) = preSolution
		Debug|x64 = Debug|x64
		Debug|x86 = Debug|x86
		Release|x64 = Release|x64
		Release|x86 = Release|x86
	EndGlobalSection
	GlobalSection(ProjectConfigurationPlatforms) = postSolution
		{DBC44A3D-144E-4759-88BF-65FC0F14C403}.Debug|x64.ActiveCfg = Debug|x64
		{DBC44A3D-144E-4759-88BF-65FC0F14C403}.Debug|x64.Build.0 = Debug|x64
		{DBC44A3D-144E-4759-88BF-65FC0F14C403}.Debug|x86.ActiveCfg = Debug|Win32
		{DBC44A3D-144E-4759-88BF-65FC0F14C403}.Debug|x86.Build.0 = Debug|Win32
		{DBC44A3D-144E-4759-88BF-65FC0F14C403}.Release|x64.ActiveCfg = Release|x64
		{DBC44A3D-144E-4759-88BF-65FC0F14C403}.Release|x64.Build.0 = Release|x64
		{DBC44A3D-144E-4759-88BF-65FC0F14C403}.Release|x86.ActiveCfg = Release|Win32
		{DBC44A3D-144E-4759-88BF-65FC0F14C403}.Release|x86.Build.0 = Release|Win32
		{4B7B1579-71D8-496D-82C0-4ED0C65D991C}.Debug|x64.ActiveCfg = Debug|x64
		{4B7B1579-71D8-496D-82C0-4ED0C65D991C}.Debug|x64.Build.0 = Debug|x64
		{4B7B1579-71D8-496D-82C0-4ED0C65D991C}.Debug|x86.ActiveCfg = Debug|Win32
		{4B7B1579-71D8-496D-82C0-4ED0C65D991C}.Debug|x86.Build.0 = Debug|Win32
		{4B7B1579-71D8-496D-82C0-4ED0C65D991C}.Release|x64.ActiveCfg = Release|x64
		{4B7B1579-71D8-496D-82C0-4ED0C65D991C}.Release|x64.Build.0 = Release|x64
		{4B7B1579-71D8-496D-82C0-4ED0C65D991C}.Release|x86.ActiveCfg = Release|Win32
		{4B7B1579-71D8-496D-82C0-4ED0C65D991C}.Release|x86.Build.0 = Release|Win32
		{EFA38C2A-C5F5-4222-9ECE-0B8D7DF83169}.Debug|x64.ActiveCfg = Debug|x64
		{EFA38C2A-C5F5-4222-9ECE-0B8D7DF83169}.Debug|x64.Build.0 = Debug|x64
		{EFA38C2A-C5F5-4222-9ECE-0B8D7DF83169}.Debug|x86.ActiveCfg = Debug|Win32
		{EFA38C2A-C5F5-4222-9ECE-0B8D7DF83169}.Debug|x86.Build.0 = Debug|Win32
		{EFA38C2A-C5F5-4222-9ECE-0B8D7DF83169}.Release|x64.ActiveCfg = Release|x64
		{EFA38C2A-C5F5-4222-9ECE-0B8D7DF83169}.Release|x64.Build.0 = Release|x64
		{EFA38C2A-C5F5-4222-9ECE-0B8D7DF83169}.Release|x86.ActiveCfg = Release|Win32
		{EFA38C2A-C5F5-4222-9ECE-0B8D7DF83169}.Release|x86.Build.0 = Release|Win32
		{F271EB8B-B64D-4447-90CF-E5C8DFF17A6A}.Debug|x64.ActiveCfg = Debug|x64
		{F271EB8B-B64D-4447-90CF-E5C8DFF17A6A}.Debug|x64.Build.0 = Debug|x64
		{F271EB8B-B64D-4447-90CF-E5C8DFF17A6A}.Debug|x86.ActiveCfg = Debug|Win32
		{F271EB8B-B64D-4447-90CF-E5C8DFF17A6A}.Debug|x86.Build.0 = Debug|Win32
		{F271EB8B-B64D-4447-90CF-E5C8DFF17A6A}.Release|x64.ActiveCfg = Release|x64
		{F271EB8B-B64D-4447-90CF-E5C8DFF17A6A}.Release|x64.Build.0 = Release|x64
		{F271EB8B-B64D-4447-90CF-E5C8DFF17A6A}.Release|x86.ActiveCfg = Release|Win32
		{F271EB8B-B64D-4447-90CF-E5C8DFF17A6A}.Release|x86.Build.0 = Release|Win32
		{5297E034-EE93-4230-B516-9E0D02565CD1}.Debug|x64.ActiveCfg = Debug|x64
		{5297E034-EE93-4230-B516-9E0D02565CD1}.Debug|x64.Build.0 = Debug|x64
		{5297E034-EE93-4230-B516-9E0D02565CD1}.Debug|x86.ActiveCfg = Debug|Win32
		{5297E034-EE93-4230-B516-9E0D02565CD1}.Debug|x86.Build.0 = Debug|Win32
		{5297E034-EE93-4230-B516-9E0D02565CD1}.Release|x64.ActiveCfg = Release|x64
		{5297E034-EE93-4230-B516-9E0D02565CD1}.Release|x64.Build.0 = Release|x64
		{5297E034-EE93-4230-B516-9E0D02565CD1}.Release|x86.ActiveCfg = Release|Win32
		{5297E034-EE93-4230-B516-9E0D02565CD1}.Release|x86.Build.0 = Release|Win32
		{51C0A60C-13BC-4DF7-9981-CDD6A8FA670E}.Debug|x64.ActiveCfg = Debug|x64
		{51C0A60C-13BC-4DF7-9981-CDD6A8FA670E}.Debug|x64.Build.0 = Debug|x64
		{51C0A60C-13BC-4DF7-9981-CDD6A8FA670E}.Debug|x86.ActiveCfg = Debug|Win32
		{51C0A60C-13BC-4DF7-9981-CDD6A8FA670E}.Debug|x86.Build.0 = Debug|Win32
		{51C0A60C-13BC-4DF7-9981-CDD6A8FA670E}.Release|x64.ActiveCfg = Release|x64
		{51C0A60C-13BC-4DF7-9981-CDD6A8FA670E}.Release|x64.Build.0 = Release|x64
		{51C0A60C-13BC-4DF7-9981-CDD6A8FA670E}.Release|x86.ActiveCfg = Release|Win32
		{51C0A60C-13BC-4DF7-9981-CDD6A8FA670E}.Release|x86.Build.0 = Release|Win32
		{F39C6386-F238-41BD-9768-50149521D18A}.Debug|x64.ActiveCfg = Debug|x64
		{F39C6386-F238-41BD-9768-50149521D18A}.Debug|x64.Build.0 = Debug|x64
		{F39C6386-F238-41BD-9768-50149521D18A}.Debug|x86.ActiveCfg = Debug|Win32
		{F39C6386-F238-41BD-9768-50149521D18A}.Debug|x86.Build.0 = Debug|Win32
		{F39C6386-F238-41BD-9768-50149521D18A}.Release|x64.ActiveCfg = Release|x64
		{F39C6386-F238-41BD-9768-50149521D18A}.Release|x64.Build.0 = Release|x64
		{F39C6386-F238-41BD-9768-50149521D18A}.Release|x86.ActiveCfg = Release|Win32
		{F39C6386-F238-41BD-9768-50149521D18A}.Release|x86.Build.0 = Release|Win32
		{19CA1A39-4268-4FD7-9D3C-26D2F62D5CBE}.Debug|x64.ActiveCfg = Debug|x64
		{19CA1A39-4268-4FD7-9D3C-26D2F62D5CBE}.Debug|x64.Build.0 = Debug|x64
		{19CA1A39-4268-4FD7-9D3C-26D2F62D5CBE}.Debug|x86.ActiveCfg = Debug|Win32
		{19CA1A39-4268-4FD7-9D3C-26D2F62D5CBE}.Debug|x86.Build.0 = Debug|Win32
		{19CA1A39-4268-4FD7-9D3C-26D2F62D5CBE}.Release|x64.ActiveCfg = Release|x64
		{19CA1A39-4268-4FD7-9D3C-26D2F62D5CBE}.Release|x64.Build.0 = Release|x64
		{19CA1A39-4268-4FD7-9D3C-26D2F62D5CBE}.Release|x86.ActiveCfg = Release|Win32
		{19CA1A39-4268-4FD7-9D3C-26D2F62D5CBE}.Release|x86.Build.0 = Release|Win32
		{8EB0D748-52FB-40AB-BA10-61A3EF665BB1}.Debug|x64.ActiveCfg = Debug|x64
		{8EB0D748-52FB-40AB-BA10-61A3EF665BB1}.Debug|x64.Build.0 = Debug|x64
		{8EB0D748-52FB-40AB-BA10-61A3EF665BB1}.Debug|x86.ActiveCfg = Debug|Win32
		{8EB0D748-52FB-40AB-BA10-61A3EF665BB1}.Debug|x86.Build.0 = Debug|Win32
		{8EB0D748-52FB-40AB-BA10-61A3EF665BB1}.Release|x64.ActiveCfg = Release|x64
		{8EB0D748-52FB-40AB-BA10-61A3EF665BB1}.Release|x64.Build.0 = Release|x64
		{8EB0D748-52FB-40AB-BA10-61A3EF665BB1}.Release|x86.ActiveCfg = Release|Win32
		{8EB0D748-52FB-40AB-BA10-61A3EF665BB1}.Release|x86.Build.0 = Release|Win32
		{0951EE43-E1D7-4B0E-B4F6-ADCF369ABF97}.Debug|x64.ActiveCfg = Debug|x64
		{0951EE43-E1D7-4B0E-B4F6-ADCF369ABF97}.Debug|x64.Build.0 = Debug|x64
		{0951EE43-E1D7-4B0E-B4F6-ADCF369ABF97}.Debug|x86.ActiveCfg = Debug|Win32
		{0951EE43-E1D7-4B0E-B4F6-ADCF369ABF97}.Debug|x86.Build.0 = Debug|Win32
		{0951EE43-E1D7-4B0E-B4F6-ADCF369ABF97}.Release|x64.ActiveCfg = Release|x64
		{0951EE43-E1D7-4B0E-B4F6-ADCF369ABF97}.Release|x64.Build.0 = Release|x64
		{0951EE43-E1D7-4B0E-B4F6-ADCF369ABF97}.Release|x86.ActiveCfg = Release|Win32
		{0951EE43-E1D7-4B0E-B4F6-ADCF369ABF97}.Release|x86.Build.0 = Release|Win32
		{6C1A0112-6705-46E3-AEC2-DAE7486DC25C}.Debug|x64.ActiveCfg = Debug|x64
		{6C1A0112-6705-46E3-AEC2-DAE7486DC25C}.Debug|x64.Build.0 = Debug|x64
		{6C1A0112-6705-46E3-AEC2-DAE7486DC25C}.Debug|x86.ActiveCfg = Debug|Win32
		{6C1A0112-6705-46E3-AEC2-DAE7486DC25C}.Debug|x86.Build.0 = Debug|Win32
		{6C1A0112-6705-46E3-AEC2-DAE7486DC25C}.Release|x64.ActiveCfg = Release|x64
		{6C1A0112-6705-46E3-AEC2-DAE7486DC25C}.Release|x64.Build.0 = Release|x64
		{6C1A0112-6705-46E3-AEC2-DAE7486DC25C}.Release|x86.ActiveCfg = Release|Win32
		{6C1A0112-6705-46E3-AEC2-DAE7486DC25C}.Release|x86.Build.0 = Release|Win32
		{970D4386-3D3D-4E1B-970C-EFD16B888EB4}.Debug|x64.ActiveCfg = Debug|x64
		{970D4386-3D3D-4E1B-970C-EFD16B888EB4}.Debug|x64.Build.0 = Debug|x64
		{970D4386-3D3D-4E1B-970C-EFD16B888EB4}.Debug|x86.ActiveCfg = Debug|Win32
		{970D4386-3D3D-4E1B-970C-EFD16B888EB4}.Debug|x86.Build.0 = Debug|Win32
		{970D4386-3D3D-4E1B-970C-EFD16B888EB4}.Release|x64.ActiveCfg = Release|x64
		{970D4386-3D3D-4E1B-970C-EFD16B888EB4}.Release|x64.Build.0 = Release|x64
		{970D4386-3D3D-4E1B-970C-EFD16B888EB4}.Release|x86.ActiveCfg = Release|Win32
		{970D4386-3D3D-4E1B-970C-EFD16B888EB4}.Release|x86.Build.0 = Release|Win32
	EndGlobalSection
	GlobalSection(SolutionProperties) = preSolution
		HideSolutionNode = FALSE
	EndGlobalSection
	GlobalSection(ExtensibilityGlobals) = postSolution
		SolutionGuid = {D799B555-5AF1-415A-92EC-12F2481C8A2C}
	EndGlobalSection
EndGlobal
